
Microsoft Visual Studio Solution File, Format Version 12.00
# Visual Studio Version 17
VisualStudioVersion = 17.8.34330.188
MinimumVisualStudioVersion = 10.0.40219.1
Project("{FAE04EC0-301F-11D3-BF4B-00C04F79EFBC}") = "Recipe Organizer2", "Recipe Organizer2\Recipe Organizer2.csproj", "{BFA6F6FA-158B-4953-BB37-C89370EC52B0}"
EndProject
Global
	GlobalSection(SolutionConfigurationPlatforms) = preSolution
		Debug|Any CPU = Debug|Any CPU
		Release|Any CPU = Release|Any CPU
	EndGlobalSection
	GlobalSection(ProjectConfigurationPlatforms) = postSolution
		{BFA6F6FA-158B-4953-BB37-C89370EC52B0}.Debug|Any CPU.ActiveCfg = Debug|Any CPU
		{BFA6F6FA-158B-4953-BB37-C89370EC52B0}.Debug|Any CPU.Build.0 = Debug|Any CPU
		{BFA6F6FA-158B-4953-BB37-C89370EC52B0}.Release|Any CPU.ActiveCfg = Release|Any CPU
		{BFA6F6FA-158B-4953-BB37-C89370EC52B0}.Release|Any CPU.Build.0 = Release|Any CPU
	EndGlobalSection
	GlobalSection(SolutionProperties) = preSolution
		HideSolutionNode = FALSE
	EndGlobalSection
	GlobalSection(ExtensibilityGlobals) = postSolution
		SolutionGuid = {9D472FD2-B14D-44B8-8239-699CF99DF7BA}
	EndGlobalSection
EndGlobal
